
Microsoft Visual Studio Solution File, Format Version 12.00
# Visual Studio 15
VisualStudioVersion = 15.0.26228.4
MinimumVisualStudioVersion = 10.0.40219.1
Project("{2150E333-8FDC-42A3-9474-1A3956D46DE8}") = "Solution Items", "Solution Items", "{1BACFADA-0563-46C4-8272-0783AB4F6805}"
	ProjectSection(SolutionItems) = preProject
		README.md = README.md
	EndProjectSection
EndProject
Project("{9A19103F-16F7-4668-BE54-9A1E7A4F7556}") = "VerizonDigital.CDN.TokenProvider", "VerizonDigital.CDN.TokenProvider\VerizonDigital.CDN.TokenProvider.csproj", "{81BF8019-4BBF-479F-9D23-350A65410779}"
EndProject
Project("{9A19103F-16F7-4668-BE54-9A1E7A4F7556}") = "VerizonDigital.CDN.TokenProvider.Tests", "VerizonDigital.CDN.TokenProvider.Tests\VerizonDigital.CDN.TokenProvider.Tests.csproj", "{B9CBB40E-8BC5-4FD3-A516-916A077F92C9}"
EndProject
Project("{9A19103F-16F7-4668-BE54-9A1E7A4F7556}") = "VerizonDigital.CDN.TokenProvider.Sample", "VerizonDigital.CDN.TokenProvider.Sample\VerizonDigital.CDN.TokenProvider.Sample.csproj", "{A6259DC8-77FD-41D7-B95B-BBB579FBBB63}"
EndProject
Global
	GlobalSection(SolutionConfigurationPlatforms) = preSolution
		Debug|Any CPU = Debug|Any CPU
		Release|Any CPU = Release|Any CPU
	EndGlobalSection
	GlobalSection(ProjectConfigurationPlatforms) = postSolution
		{81BF8019-4BBF-479F-9D23-350A65410779}.Debug|Any CPU.ActiveCfg = Debug|Any CPU
		{81BF8019-4BBF-479F-9D23-350A65410779}.Debug|Any CPU.Build.0 = Debug|Any CPU
		{81BF8019-4BBF-479F-9D23-350A65410779}.Release|Any CPU.ActiveCfg = Release|Any CPU
		{81BF8019-4BBF-479F-9D23-350A65410779}.Release|Any CPU.Build.0 = Release|Any CPU
		{B9CBB40E-8BC5-4FD3-A516-916A077F92C9}.Debug|Any CPU.ActiveCfg = Debug|Any CPU
		{B9CBB40E-8BC5-4FD3-A516-916A077F92C9}.Debug|Any CPU.Build.0 = Debug|Any CPU
		{B9CBB40E-8BC5-4FD3-A516-916A077F92C9}.Release|Any CPU.ActiveCfg = Release|Any CPU
		{B9CBB40E-8BC5-4FD3-A516-916A077F92C9}.Release|Any CPU.Build.0 = Release|Any CPU
		{A6259DC8-77FD-41D7-B95B-BBB579FBBB63}.Debug|Any CPU.ActiveCfg = Debug|Any CPU
		{A6259DC8-77FD-41D7-B95B-BBB579FBBB63}.Debug|Any CPU.Build.0 = Debug|Any CPU
		{A6259DC8-77FD-41D7-B95B-BBB579FBBB63}.Release|Any CPU.ActiveCfg = Release|Any CPU
		{A6259DC8-77FD-41D7-B95B-BBB579FBBB63}.Release|Any CPU.Build.0 = Release|Any CPU
	EndGlobalSection
	GlobalSection(SolutionProperties) = preSolution
		HideSolutionNode = FALSE
	EndGlobalSection
	GlobalSection(ExtensibilityGlobals) = postSolution
		SolutionGuid = {2ACD9F8C-947F-49E9-A3BD-433CAE6FE255}
	EndGlobalSection
EndGlobal
